// !$*UTF8*$!
{
	archiveVersion = 1;
	classes = {
	};
	objectVersion = 56;
	objects = {

/* Begin PBXBuildFile section */
		351B05A0298638EA0008DA4A /* AlertView.swift in Sources */ = {isa = PBXBuildFile; fileRef = 351B059F298638EA0008DA4A /* AlertView.swift */; };
		351B05A229863FD50008DA4A /* Home.swift in Sources */ = {isa = PBXBuildFile; fileRef = 351B05A129863FD50008DA4A /* Home.swift */; };
		35D6751229856C7E00116E72 /* BlingCloudApp.swift in Sources */ = {isa = PBXBuildFile; fileRef = 35D6751129856C7E00116E72 /* BlingCloudApp.swift */; };
		35D6751429856C7E00116E72 /* Login.swift in Sources */ = {isa = PBXBuildFile; fileRef = 35D6751329856C7E00116E72 /* Login.swift */; };
		35D6751629856C7F00116E72 /* Assets.xcassets in Resources */ = {isa = PBXBuildFile; fileRef = 35D6751529856C7F00116E72 /* Assets.xcassets */; };
		35D6751929856C7F00116E72 /* Preview Assets.xcassets in Resources */ = {isa = PBXBuildFile; fileRef = 35D6751829856C7F00116E72 /* Preview Assets.xcassets */; };
		35D675242985753A00116E72 /* FirebaseAuth in Frameworks */ = {isa = PBXBuildFile; productRef = 35D675232985753A00116E72 /* FirebaseAuth */; };
		35D675262985760300116E72 /* GoogleService-Info.plist in Resources */ = {isa = PBXBuildFile; fileRef = 35D675252985760300116E72 /* GoogleService-Info.plist */; };
		35D6752829857EB500116E72 /* LoginViewModel.swift in Sources */ = {isa = PBXBuildFile; fileRef = 35D6752729857EB500116E72 /* LoginViewModel.swift */; };
		35D6752B298582AC00116E72 /* Countries.swift in Sources */ = {isa = PBXBuildFile; fileRef = 35D6752A298582AC00116E72 /* Countries.swift */; };
		35D6752D29859E4400116E72 /* Verification.swift in Sources */ = {isa = PBXBuildFile; fileRef = 35D6752C29859E4400116E72 /* Verification.swift */; };
		35D6752F2985A7ED00116E72 /* CustomNumberPad.swift in Sources */ = {isa = PBXBuildFile; fileRef = 35D6752E2985A7ED00116E72 /* CustomNumberPad.swift */; };
/* End PBXBuildFile section */

/* Begin PBXFileReference section */
		351B059E298635CE0008DA4A /* Info.plist */ = {isa = PBXFileReference; lastKnownFileType = text.plist; path = Info.plist; sourceTree = "<group>"; };
		351B059F298638EA0008DA4A /* AlertView.swift */ = {isa = PBXFileReference; lastKnownFileType = sourcecode.swift; path = AlertView.swift; sourceTree = "<group>"; };
		351B05A129863FD50008DA4A /* Home.swift */ = {isa = PBXFileReference; lastKnownFileType = sourcecode.swift; path = Home.swift; sourceTree = "<group>"; };
		35D6750E29856C7E00116E72 /* BlingCloud.app */ = {isa = PBXFileReference; explicitFileType = wrapper.application; includeInIndex = 0; path = BlingCloud.app; sourceTree = BUILT_PRODUCTS_DIR; };
		35D6751129856C7E00116E72 /* BlingCloudApp.swift */ = {isa = PBXFileReference; lastKnownFileType = sourcecode.swift; path = BlingCloudApp.swift; sourceTree = "<group>"; };
		35D6751329856C7E00116E72 /* Login.swift */ = {isa = PBXFileReference; lastKnownFileType = sourcecode.swift; path = Login.swift; sourceTree = "<group>"; };
		35D6751529856C7F00116E72 /* Assets.xcassets */ = {isa = PBXFileReference; lastKnownFileType = folder.assetcatalog; path = Assets.xcassets; sourceTree = "<group>"; };
		35D6751829856C7F00116E72 /* Preview Assets.xcassets */ = {isa = PBXFileReference; lastKnownFileType = folder.assetcatalog; path = "Preview Assets.xcassets"; sourceTree = "<group>"; };
		35D675252985760300116E72 /* GoogleService-Info.plist */ = {isa = PBXFileReference; fileEncoding = 4; lastKnownFileType = text.plist.xml; path = "GoogleService-Info.plist"; sourceTree = "<group>"; };
		35D6752729857EB500116E72 /* LoginViewModel.swift */ = {isa = PBXFileReference; lastKnownFileType = sourcecode.swift; path = LoginViewModel.swift; sourceTree = "<group>"; };
		35D6752A298582AC00116E72 /* Countries.swift */ = {isa = PBXFileReference; lastKnownFileType = sourcecode.swift; path = Countries.swift; sourceTree = "<group>"; };
		35D6752C29859E4400116E72 /* Verification.swift */ = {isa = PBXFileReference; lastKnownFileType = sourcecode.swift; path = Verification.swift; sourceTree = "<group>"; };
		35D6752E2985A7ED00116E72 /* CustomNumberPad.swift */ = {isa = PBXFileReference; lastKnownFileType = sourcecode.swift; path = CustomNumberPad.swift; sourceTree = "<group>"; };
/* End PBXFileReference section */

/* Begin PBXFrameworksBuildPhase section */
		35D6750B29856C7E00116E72 /* Frameworks */ = {
			isa = PBXFrameworksBuildPhase;
			buildActionMask = 2147483647;
			files = (
				35D675242985753A00116E72 /* FirebaseAuth in Frameworks */,
			);
			runOnlyForDeploymentPostprocessing = 0;
		};
/* End PBXFrameworksBuildPhase section */

/* Begin PBXGroup section */
		35D6750529856C7E00116E72 = {
			isa = PBXGroup;
			children = (
				35D6751029856C7E00116E72 /* BlingCloud */,
				35D6750F29856C7E00116E72 /* Products */,
			);
			sourceTree = "<group>";
		};
		35D6750F29856C7E00116E72 /* Products */ = {
			isa = PBXGroup;
			children = (
				35D6750E29856C7E00116E72 /* BlingCloud.app */,
			);
			name = Products;
			sourceTree = "<group>";
		};
		35D6751029856C7E00116E72 /* BlingCloud */ = {
			isa = PBXGroup;
			children = (
				351B059E298635CE0008DA4A /* Info.plist */,
				35D675252985760300116E72 /* GoogleService-Info.plist */,
				35D675292985819800116E72 /* Model */,
				35D675212985741800116E72 /* ViewModel */,
				35D675202985741200116E72 /* View */,
				35D6751F29856C8E00116E72 /* App */,
				35D6751529856C7F00116E72 /* Assets.xcassets */,
				35D6751729856C7F00116E72 /* Preview Content */,
			);
			path = BlingCloud;
			sourceTree = "<group>";
		};
		35D6751729856C7F00116E72 /* Preview Content */ = {
			isa = PBXGroup;
			children = (
				35D6751829856C7F00116E72 /* Preview Assets.xcassets */,
			);
			path = "Preview Content";
			sourceTree = "<group>";
		};
		35D6751F29856C8E00116E72 /* App */ = {
			isa = PBXGroup;
			children = (
				35D6751129856C7E00116E72 /* BlingCloudApp.swift */,
			);
			path = App;
			sourceTree = "<group>";
		};
		35D675202985741200116E72 /* View */ = {
			isa = PBXGroup;
			children = (
				35D6751329856C7E00116E72 /* Login.swift */,
				35D6752C29859E4400116E72 /* Verification.swift */,
				35D6752E2985A7ED00116E72 /* CustomNumberPad.swift */,
				351B059F298638EA0008DA4A /* AlertView.swift */,
				351B05A129863FD50008DA4A /* Home.swift */,
			);
			path = View;
			sourceTree = "<group>";
		};
		35D675212985741800116E72 /* ViewModel */ = {
			isa = PBXGroup;
			children = (
				35D6752729857EB500116E72 /* LoginViewModel.swift */,
			);
			path = ViewModel;
			sourceTree = "<group>";
		};
		35D675292985819800116E72 /* Model */ = {
			isa = PBXGroup;
			children = (
				35D6752A298582AC00116E72 /* Countries.swift */,
			);
			path = Model;
			sourceTree = "<group>";
		};
/* End PBXGroup section */

/* Begin PBXNativeTarget section */
		35D6750D29856C7E00116E72 /* BlingCloud */ = {
			isa = PBXNativeTarget;
			buildConfigurationList = 35D6751C29856C7F00116E72 /* Build configuration list for PBXNativeTarget "BlingCloud" */;
			buildPhases = (
				35D6750A29856C7E00116E72 /* Sources */,
				35D6750B29856C7E00116E72 /* Frameworks */,
				35D6750C29856C7E00116E72 /* Resources */,
			);
			buildRules = (
			);
			dependencies = (
			);
			name = BlingCloud;
			packageProductDependencies = (
				35D675232985753A00116E72 /* FirebaseAuth */,
			);
			productName = BlingCloud;
			productReference = 35D6750E29856C7E00116E72 /* BlingCloud.app */;
			productType = "com.apple.product-type.application";
		};
/* End PBXNativeTarget section */

/* Begin PBXProject section */
		35D6750629856C7E00116E72 /* Project object */ = {
			isa = PBXProject;
			attributes = {
				BuildIndependentTargetsInParallel = 1;
				LastSwiftUpdateCheck = 1420;
				LastUpgradeCheck = 1420;
				TargetAttributes = {
					35D6750D29856C7E00116E72 = {
						CreatedOnToolsVersion = 14.2;
					};
				};
			};
			buildConfigurationList = 35D6750929856C7E00116E72 /* Build configuration list for PBXProject "BlingCloud" */;
			compatibilityVersion = "Xcode 14.0";
			developmentRegion = en;
			hasScannedForEncodings = 0;
			knownRegions = (
				en,
				Base,
			);
			mainGroup = 35D6750529856C7E00116E72;
			packageReferences = (
				35D675222985753A00116E72 /* XCRemoteSwiftPackageReference "firebase-ios-sdk" */,
			);
			productRefGroup = 35D6750F29856C7E00116E72 /* Products */;
			projectDirPath = "";
			projectRoot = "";
			targets = (
				35D6750D29856C7E00116E72 /* BlingCloud */,
			);
		};
/* End PBXProject section */

/* Begin PBXResourcesBuildPhase section */
		35D6750C29856C7E00116E72 /* Resources */ = {
			isa = PBXResourcesBuildPhase;
			buildActionMask = 2147483647;
			files = (
				35D6751929856C7F00116E72 /* Preview Assets.xcassets in Resources */,
				35D6751629856C7F00116E72 /* Assets.xcassets in Resources */,
				35D675262985760300116E72 /* GoogleService-Info.plist in Resources */,
			);
			runOnlyForDeploymentPostprocessing = 0;
		};
/* End PBXResourcesBuildPhase section */

/* Begin PBXSourcesBuildPhase section */
		35D6750A29856C7E00116E72 /* Sources */ = {
			isa = PBXSourcesBuildPhase;
			buildActionMask = 2147483647;
			files = (
				35D6752D29859E4400116E72 /* Verification.swift in Sources */,
				35D6751429856C7E00116E72 /* Login.swift in Sources */,
				351B05A0298638EA0008DA4A /* AlertView.swift in Sources */,
				35D6751229856C7E00116E72 /* BlingCloudApp.swift in Sources */,
				35D6752B298582AC00116E72 /* Countries.swift in Sources */,
				35D6752829857EB500116E72 /* LoginViewModel.swift in Sources */,
				351B05A229863FD50008DA4A /* Home.swift in Sources */,
				35D6752F2985A7ED00116E72 /* CustomNumberPad.swift in Sources */,
			);
			runOnlyForDeploymentPostprocessing = 0;
		};
/* End PBXSourcesBuildPhase section */

/* Begin XCBuildConfiguration section */
		35D6751A29856C7F00116E72 /* Debug */ = {
			isa = XCBuildConfiguration;
			buildSettings = {
				ALWAYS_SEARCH_USER_PATHS = NO;
				CLANG_ANALYZER_NONNULL = YES;
				CLANG_ANALYZER_NUMBER_OBJECT_CONVERSION = YES_AGGRESSIVE;
				CLANG_CXX_LANGUAGE_STANDARD = "gnu++20";
				CLANG_ENABLE_MODULES = YES;
				CLANG_ENABLE_OBJC_ARC = YES;
				CLANG_ENABLE_OBJC_WEAK = YES;
				CLANG_WARN_BLOCK_CAPTURE_AUTORELEASING = YES;
				CLANG_WARN_BOOL_CONVERSION = YES;
				CLANG_WARN_COMMA = YES;
				CLANG_WARN_CONSTANT_CONVERSION = YES;
				CLANG_WARN_DEPRECATED_OBJC_IMPLEMENTATIONS = YES;
				CLANG_WARN_DIRECT_OBJC_ISA_USAGE = YES_ERROR;
				CLANG_WARN_DOCUMENTATION_COMMENTS = YES;
				CLANG_WARN_EMPTY_BODY = YES;
				CLANG_WARN_ENUM_CONVERSION = YES;
				CLANG_WARN_INFINITE_RECURSION = YES;
				CLANG_WARN_INT_CONVERSION = YES;
				CLANG_WARN_NON_LITERAL_NULL_CONVERSION = YES;
				CLANG_WARN_OBJC_IMPLICIT_RETAIN_SELF = YES;
				CLANG_WARN_OBJC_LITERAL_CONVERSION = YES;
				CLANG_WARN_OBJC_ROOT_CLASS = YES_ERROR;
				CLANG_WARN_QUOTED_INCLUDE_IN_FRAMEWORK_HEADER = YES;
				CLANG_WARN_RANGE_LOOP_ANALYSIS = YES;
				CLANG_WARN_STRICT_PROTOTYPES = YES;
				CLANG_WARN_SUSPICIOUS_MOVE = YES;
				CLANG_WARN_UNGUARDED_AVAILABILITY = YES_AGGRESSIVE;
				CLANG_WARN_UNREACHABLE_CODE = YES;
				CLANG_WARN__DUPLICATE_METHOD_MATCH = YES;
				COPY_PHASE_STRIP = NO;
				DEBUG_INFORMATION_FORMAT = dwarf;
				ENABLE_STRICT_OBJC_MSGSEND = YES;
				ENABLE_TESTABILITY = YES;
				GCC_C_LANGUAGE_STANDARD = gnu11;
				GCC_DYNAMIC_NO_PIC = NO;
				GCC_NO_COMMON_BLOCKS = YES;
				GCC_OPTIMIZATION_LEVEL = 0;
				GCC_PREPROCESSOR_DEFINITIONS = (
					"DEBUG=1",
					"$(inherited)",
				);
				GCC_WARN_64_TO_32_BIT_CONVERSION = YES;
				GCC_WARN_ABOUT_RETURN_TYPE = YES_ERROR;
				GCC_WARN_UNDECLARED_SELECTOR = YES;
				GCC_WARN_UNINITIALIZED_AUTOS = YES_AGGRESSIVE;
				GCC_WARN_UNUSED_FUNCTION = YES;
				GCC_WARN_UNUSED_VARIABLE = YES;
				IPHONEOS_DEPLOYMENT_TARGET = 16.2;
				MTL_ENABLE_DEBUG_INFO = INCLUDE_SOURCE;
				MTL_FAST_MATH = YES;
				ONLY_ACTIVE_ARCH = YES;
				SDKROOT = iphoneos;
				SWIFT_ACTIVE_COMPILATION_CONDITIONS = DEBUG;
				SWIFT_OPTIMIZATION_LEVEL = "-Onone";
			};
			name = Debug;
		};
		35D6751B29856C7F00116E72 /* Release */ = {
			isa = XCBuildConfiguration;
			buildSettings = {
				ALWAYS_SEARCH_USER_PATHS = NO;
				CLANG_ANALYZER_NONNULL = YES;
				CLANG_ANALYZER_NUMBER_OBJECT_CONVERSION = YES_AGGRESSIVE;
				CLANG_CXX_LANGUAGE_STANDARD = "gnu++20";
				CLANG_ENABLE_MODULES = YES;
				CLANG_ENABLE_OBJC_ARC = YES;
				CLANG_ENABLE_OBJC_WEAK = YES;
				CLANG_WARN_BLOCK_CAPTURE_AUTORELEASING = YES;
				CLANG_WARN_BOOL_CONVERSION = YES;
				CLANG_WARN_COMMA = YES;
				CLANG_WARN_CONSTANT_CONVERSION = YES;
				CLANG_WARN_DEPRECATED_OBJC_IMPLEMENTATIONS = YES;
				CLANG_WARN_DIRECT_OBJC_ISA_USAGE = YES_ERROR;
				CLANG_WARN_DOCUMENTATION_COMMENTS = YES;
				CLANG_WARN_EMPTY_BODY = YES;
				CLANG_WARN_ENUM_CONVERSION = YES;
				CLANG_WARN_INFINITE_RECURSION = YES;
				CLANG_WARN_INT_CONVERSION = YES;
				CLANG_WARN_NON_LITERAL_NULL_CONVERSION = YES;
				CLANG_WARN_OBJC_IMPLICIT_RETAIN_SELF = YES;
				CLANG_WARN_OBJC_LITERAL_CONVERSION = YES;
				CLANG_WARN_OBJC_ROOT_CLASS = YES_ERROR;
				CLANG_WARN_QUOTED_INCLUDE_IN_FRAMEWORK_HEADER = YES;
				CLANG_WARN_RANGE_LOOP_ANALYSIS = YES;
				CLANG_WARN_STRICT_PROTOTYPES = YES;
				CLANG_WARN_SUSPICIOUS_MOVE = YES;
				CLANG_WARN_UNGUARDED_AVAILABILITY = YES_AGGRESSIVE;
				CLANG_WARN_UNREACHABLE_CODE = YES;
				CLANG_WARN__DUPLICATE_METHOD_MATCH = YES;
				COPY_PHASE_STRIP = NO;
				DEBUG_INFORMATION_FORMAT = "dwarf-with-dsym";
				ENABLE_NS_ASSERTIONS = NO;
				ENABLE_STRICT_OBJC_MSGSEND = YES;
				GCC_C_LANGUAGE_STANDARD = gnu11;
				GCC_NO_COMMON_BLOCKS = YES;
				GCC_WARN_64_TO_32_BIT_CONVERSION = YES;
				GCC_WARN_ABOUT_RETURN_TYPE = YES_ERROR;
				GCC_WARN_UNDECLARED_SELECTOR = YES;
				GCC_WARN_UNINITIALIZED_AUTOS = YES_AGGRESSIVE;
				GCC_WARN_UNUSED_FUNCTION = YES;
				GCC_WARN_UNUSED_VARIABLE = YES;
				IPHONEOS_DEPLOYMENT_TARGET = 16.2;
				MTL_ENABLE_DEBUG_INFO = NO;
				MTL_FAST_MATH = YES;
				SDKROOT = iphoneos;
				SWIFT_COMPILATION_MODE = wholemodule;
				SWIFT_OPTIMIZATION_LEVEL = "-O";
				VALIDATE_PRODUCT = YES;
			};
			name = Release;
		};
		35D6751D29856C7F00116E72 /* Debug */ = {
			isa = XCBuildConfiguration;
			buildSettings = {
				ASSETCATALOG_COMPILER_APPICON_NAME = AppIcon;
				ASSETCATALOG_COMPILER_GLOBAL_ACCENT_COLOR_NAME = AccentColor;
				CODE_SIGN_STYLE = Automatic;
				CURRENT_PROJECT_VERSION = 1;
				DEVELOPMENT_ASSET_PATHS = "\"BlingCloud/Preview Content\"";
				DEVELOPMENT_TEAM = 734G6V9GXJ;
				ENABLE_PREVIEWS = YES;
				GENERATE_INFOPLIST_FILE = YES;
				INFOPLIST_FILE = BlingCloud/Info.plist;
				INFOPLIST_KEY_UIApplicationSceneManifest_Generation = YES;
				INFOPLIST_KEY_UIApplicationSupportsIndirectInputEvents = YES;
				INFOPLIST_KEY_UILaunchScreen_Generation = YES;
				INFOPLIST_KEY_UIRequiredDeviceCapabilities = arm64;
				INFOPLIST_KEY_UISupportedInterfaceOrientations = UIInterfaceOrientationPortrait;
				IPHONEOS_DEPLOYMENT_TARGET = 15.0;
				LD_RUNPATH_SEARCH_PATHS = (
					"$(inherited)",
					"@executable_path/Frameworks",
				);
				MARKETING_VERSION = 1.0;
				PRODUCT_BUNDLE_IDENTIFIER = com.rumenguin.BlingCloud;
				PRODUCT_NAME = "$(TARGET_NAME)";
				SUPPORTED_PLATFORMS = "iphoneos iphonesimulator";
				SUPPORTS_MACCATALYST = NO;
				SUPPORTS_MAC_DESIGNED_FOR_IPHONE_IPAD = NO;
				SWIFT_EMIT_LOC_STRINGS = YES;
				SWIFT_VERSION = 5.0;
				TARGETED_DEVICE_FAMILY = "1,2";
			};
			name = Debug;
		};
		35D6751E29856C7F00116E72 /* Release */ = {
			isa = XCBuildConfiguration;
			buildSettings = {
				ASSETCATALOG_COMPILER_APPICON_NAME = AppIcon;
				ASSETCATALOG_COMPILER_GLOBAL_ACCENT_COLOR_NAME = AccentColor;
				CODE_SIGN_STYLE = Automatic;
				CURRENT_PROJECT_VERSION = 1;
				DEVELOPMENT_ASSET_PATHS = "\"BlingCloud/Preview Content\"";
				DEVELOPMENT_TEAM = 734G6V9GXJ;
				ENABLE_PREVIEWS = YES;
				GENERATE_INFOPLIST_FILE = YES;
				INFOPLIST_FILE = BlingCloud/Info.plist;
				INFOPLIST_KEY_UIApplicationSceneManifest_Generation = YES;
				INFOPLIST_KEY_UIApplicationSupportsIndirectInputEvents = YES;
				INFOPLIST_KEY_UILaunchScreen_Generation = YES;
				INFOPLIST_KEY_UIRequiredDeviceCapabilities = arm64;
				INFOPLIST_KEY_UISupportedInterfaceOrientations = UIInterfaceOrientationPortrait;
				IPHONEOS_DEPLOYMENT_TARGET = 15.0;
				LD_RUNPATH_SEARCH_PATHS = (
					"$(inherited)",
					"@executable_path/Frameworks",
				);
				MARKETING_VERSION = 1.0;
				PRODUCT_BUNDLE_IDENTIFIER = com.rumenguin.BlingCloud;
				PRODUCT_NAME = "$(TARGET_NAME)";
				SUPPORTED_PLATFORMS = "iphoneos iphonesimulator";
				SUPPORTS_MACCATALYST = NO;
				SUPPORTS_MAC_DESIGNED_FOR_IPHONE_IPAD = NO;
				SWIFT_EMIT_LOC_STRINGS = YES;
				SWIFT_VERSION = 5.0;
				TARGETED_DEVICE_FAMILY = "1,2";
			};
			name = Release;
		};
/* End XCBuildConfiguration section */

/* Begin XCConfigurationList section */
		35D6750929856C7E00116E72 /* Build configuration list for PBXProject "BlingCloud" */ = {
			isa = XCConfigurationList;
			buildConfigurations = (
				35D6751A29856C7F00116E72 /* Debug */,
				35D6751B29856C7F00116E72 /* Release */,
			);
			defaultConfigurationIsVisible = 0;
			defaultConfigurationName = Release;
		};
		35D6751C29856C7F00116E72 /* Build configuration list for PBXNativeTarget "BlingCloud" */ = {
			isa = XCConfigurationList;
			buildConfigurations = (
				35D6751D29856C7F00116E72 /* Debug */,
				35D6751E29856C7F00116E72 /* Release */,
			);
			defaultConfigurationIsVisible = 0;
			defaultConfigurationName = Release;
		};
/* End XCConfigurationList section */

/* Begin XCRemoteSwiftPackageReference section */
		35D675222985753A00116E72 /* XCRemoteSwiftPackageReference "firebase-ios-sdk" */ = {
			isa = XCRemoteSwiftPackageReference;
			repositoryURL = "https://github.com/firebase/firebase-ios-sdk";
			requirement = {
				branch = master;
				kind = branch;
			};
		};
/* End XCRemoteSwiftPackageReference section */

/* Begin XCSwiftPackageProductDependency section */
		35D675232985753A00116E72 /* FirebaseAuth */ = {
			isa = XCSwiftPackageProductDependency;
			package = 35D675222985753A00116E72 /* XCRemoteSwiftPackageReference "firebase-ios-sdk" */;
			productName = FirebaseAuth;
		};
/* End XCSwiftPackageProductDependency section */
	};
	rootObject = 35D6750629856C7E00116E72 /* Project object */;
}
